// !$*UTF8*$!
{
	archiveVersion = 1;
	classes = {
	};
	objectVersion = 46;
	objects = {

/* Begin PBXBuildFile section */
		19ACA9EA37AD0A7336AC2DF8 /* Pods_RACTest.framework in Frameworks */ = {isa = PBXBuildFile; fileRef = 7D89A8DF13D02DCE19119978 /* Pods_RACTest.framework */; };
		84A526CF1F556835001D8EAE /* main.m in Sources */ = {isa = PBXBuildFile; fileRef = 84A526CE1F556835001D8EAE /* main.m */; };
		84A526D21F556835001D8EAE /* AppDelegate.m in Sources */ = {isa = PBXBuildFile; fileRef = 84A526D11F556835001D8EAE /* AppDelegate.m */; };
		84A526D51F556835001D8EAE /* ViewController.m in Sources */ = {isa = PBXBuildFile; fileRef = 84A526D41F556835001D8EAE /* ViewController.m */; };
		84A526D81F556835001D8EAE /* Main.storyboard in Resources */ = {isa = PBXBuildFile; fileRef = 84A526D61F556835001D8EAE /* Main.storyboard */; };
		84A526DA1F556835001D8EAE /* Assets.xcassets in Resources */ = {isa = PBXBuildFile; fileRef = 84A526D91F556835001D8EAE /* Assets.xcassets */; };
		84A526DD1F556835001D8EAE /* LaunchScreen.storyboard in Resources */ = {isa = PBXBuildFile; fileRef = 84A526DB1F556835001D8EAE /* LaunchScreen.storyboard */; };
		84A526E81F556835001D8EAE /* RACTestUITests.m in Sources */ = {isa = PBXBuildFile; fileRef = 84A526E71F556835001D8EAE /* RACTestUITests.m */; };
		84A526F41F57F3EE001D8EAE /* LoginViewModel.m in Sources */ = {isa = PBXBuildFile; fileRef = 84A526F31F57F3EE001D8EAE /* LoginViewModel.m */; };
/* End PBXBuildFile section */

/* Begin PBXContainerItemProxy section */
		84A526E41F556835001D8EAE /* PBXContainerItemProxy */ = {
			isa = PBXContainerItemProxy;
			containerPortal = 84A526C21F556835001D8EAE /* Project object */;
			proxyType = 1;
			remoteGlobalIDString = 84A526C91F556835001D8EAE;
			remoteInfo = RACTest;
		};
/* End PBXContainerItemProxy section */

/* Begin PBXFileReference section */
		0493FAEE46D8232B6593639C /* Pods-RACTest.release.xcconfig */ = {isa = PBXFileReference; includeInIndex = 1; lastKnownFileType = text.xcconfig; name = "Pods-RACTest.release.xcconfig"; path = "Pods/Target Support Files/Pods-RACTest/Pods-RACTest.release.xcconfig"; sourceTree = "<group>"; };
		45FC5FCBBF47BC26EFE44E07 /* Pods-RACTest.debug.xcconfig */ = {isa = PBXFileReference; includeInIndex = 1; lastKnownFileType = text.xcconfig; name = "Pods-RACTest.debug.xcconfig"; path = "Pods/Target Support Files/Pods-RACTest/Pods-RACTest.debug.xcconfig"; sourceTree = "<group>"; };
		7D89A8DF13D02DCE19119978 /* Pods_RACTest.framework */ = {isa = PBXFileReference; explicitFileType = wrapper.framework; includeInIndex = 0; path = Pods_RACTest.framework; sourceTree = BUILT_PRODUCTS_DIR; };
		84A526CA1F556835001D8EAE /* RACTest.app */ = {isa = PBXFileReference; explicitFileType = wrapper.application; includeInIndex = 0; path = RACTest.app; sourceTree = BUILT_PRODUCTS_DIR; };
		84A526CE1F556835001D8EAE /* main.m */ = {isa = PBXFileReference; lastKnownFileType = sourcecode.c.objc; path = main.m; sourceTree = "<group>"; };
		84A526D01F556835001D8EAE /* AppDelegate.h */ = {isa = PBXFileReference; lastKnownFileType = sourcecode.c.h; path = AppDelegate.h; sourceTree = "<group>"; };
		84A526D11F556835001D8EAE /* AppDelegate.m */ = {isa = PBXFileReference; lastKnownFileType = sourcecode.c.objc; path = AppDelegate.m; sourceTree = "<group>"; };
		84A526D31F556835001D8EAE /* ViewController.h */ = {isa = PBXFileReference; lastKnownFileType = sourcecode.c.h; path = ViewController.h; sourceTree = "<group>"; };
		84A526D41F556835001D8EAE /* ViewController.m */ = {isa = PBXFileReference; lastKnownFileType = sourcecode.c.objc; path = ViewController.m; sourceTree = "<group>"; };
		84A526D71F556835001D8EAE /* Base */ = {isa = PBXFileReference; lastKnownFileType = file.storyboard; name = Base; path = Base.lproj/Main.storyboard; sourceTree = "<group>"; };
		84A526D91F556835001D8EAE /* Assets.xcassets */ = {isa = PBXFileReference; lastKnownFileType = folder.assetcatalog; path = Assets.xcassets; sourceTree = "<group>"; };
		84A526DC1F556835001D8EAE /* Base */ = {isa = PBXFileReference; lastKnownFileType = file.storyboard; name = Base; path = Base.lproj/LaunchScreen.storyboard; sourceTree = "<group>"; };
		84A526DE1F556835001D8EAE /* Info.plist */ = {isa = PBXFileReference; lastKnownFileType = text.plist.xml; path = Info.plist; sourceTree = "<group>"; };
		84A526E31F556835001D8EAE /* RACTestUITests.xctest */ = {isa = PBXFileReference; explicitFileType = wrapper.cfbundle; includeInIndex = 0; path = RACTestUITests.xctest; sourceTree = BUILT_PRODUCTS_DIR; };
		84A526E71F556835001D8EAE /* RACTestUITests.m */ = {isa = PBXFileReference; lastKnownFileType = sourcecode.c.objc; path = RACTestUITests.m; sourceTree = "<group>"; };
		84A526E91F556835001D8EAE /* Info.plist */ = {isa = PBXFileReference; lastKnownFileType = text.plist.xml; path = Info.plist; sourceTree = "<group>"; };
		84A526F21F57F3EE001D8EAE /* LoginViewModel.h */ = {isa = PBXFileReference; fileEncoding = 4; lastKnownFileType = sourcecode.c.h; path = LoginViewModel.h; sourceTree = "<group>"; };
		84A526F31F57F3EE001D8EAE /* LoginViewModel.m */ = {isa = PBXFileReference; fileEncoding = 4; lastKnownFileType = sourcecode.c.objc; path = LoginViewModel.m; sourceTree = "<group>"; };
/* End PBXFileReference section */

/* Begin PBXFrameworksBuildPhase section */
		84A526C71F556835001D8EAE /* Frameworks */ = {
			isa = PBXFrameworksBuildPhase;
			buildActionMask = 2147483647;
			files = (
				19ACA9EA37AD0A7336AC2DF8 /* Pods_RACTest.framework in Frameworks */,
			);
			runOnlyForDeploymentPostprocessing = 0;
		};
		84A526E01F556835001D8EAE /* Frameworks */ = {
			isa = PBXFrameworksBuildPhase;
			buildActionMask = 2147483647;
			files = (
			);
			runOnlyForDeploymentPostprocessing = 0;
		};
/* End PBXFrameworksBuildPhase section */

/* Begin PBXGroup section */
		84A526C11F556835001D8EAE = {
			isa = PBXGroup;
			children = (
				84A526CC1F556835001D8EAE /* RACTest */,
				84A526E61F556835001D8EAE /* RACTestUITests */,
				84A526CB1F556835001D8EAE /* Products */,
				C1DDD9E53B3BFEC3B98E8CAF /* Pods */,
				BD2074C36D1669A88EE96FE0 /* Frameworks */,
			);
			sourceTree = "<group>";
		};
		84A526CB1F556835001D8EAE /* Products */ = {
			isa = PBXGroup;
			children = (
				84A526CA1F556835001D8EAE /* RACTest.app */,
				84A526E31F556835001D8EAE /* RACTestUITests.xctest */,
			);
			name = Products;
			sourceTree = "<group>";
		};
		84A526CC1F556835001D8EAE /* RACTest */ = {
			isa = PBXGroup;
			children = (
				84A526F21F57F3EE001D8EAE /* LoginViewModel.h */,
				84A526F31F57F3EE001D8EAE /* LoginViewModel.m */,
				84A526D01F556835001D8EAE /* AppDelegate.h */,
				84A526D11F556835001D8EAE /* AppDelegate.m */,
				84A526D31F556835001D8EAE /* ViewController.h */,
				84A526D41F556835001D8EAE /* ViewController.m */,
				84A526D61F556835001D8EAE /* Main.storyboard */,
				84A526D91F556835001D8EAE /* Assets.xcassets */,
				84A526DB1F556835001D8EAE /* LaunchScreen.storyboard */,
				84A526DE1F556835001D8EAE /* Info.plist */,
				84A526CD1F556835001D8EAE /* Supporting Files */,
			);
			path = RACTest;
			sourceTree = "<group>";
		};
		84A526CD1F556835001D8EAE /* Supporting Files */ = {
			isa = PBXGroup;
			children = (
				84A526CE1F556835001D8EAE /* main.m */,
			);
			name = "Supporting Files";
			sourceTree = "<group>";
		};
		84A526E61F556835001D8EAE /* RACTestUITests */ = {
			isa = PBXGroup;
			children = (
				84A526E71F556835001D8EAE /* RACTestUITests.m */,
				84A526E91F556835001D8EAE /* Info.plist */,
			);
			path = RACTestUITests;
			sourceTree = "<group>";
		};
		BD2074C36D1669A88EE96FE0 /* Frameworks */ = {
			isa = PBXGroup;
			children = (
				7D89A8DF13D02DCE19119978 /* Pods_RACTest.framework */,
			);
			name = Frameworks;
			sourceTree = "<group>";
		};
		C1DDD9E53B3BFEC3B98E8CAF /* Pods */ = {
			isa = PBXGroup;
			children = (
				45FC5FCBBF47BC26EFE44E07 /* Pods-RACTest.debug.xcconfig */,
				0493FAEE46D8232B6593639C /* Pods-RACTest.release.xcconfig */,
			);
			name = Pods;
			sourceTree = "<group>";
		};
/* End PBXGroup section */

/* Begin PBXNativeTarget section */
		84A526C91F556835001D8EAE /* RACTest */ = {
			isa = PBXNativeTarget;
			buildConfigurationList = 84A526EC1F556835001D8EAE /* Build configuration list for PBXNativeTarget "RACTest" */;
			buildPhases = (
				132DA609FEFD7CBA2E5F583D /* [CP] Check Pods Manifest.lock */,
				84A526C61F556835001D8EAE /* Sources */,
				84A526C71F556835001D8EAE /* Frameworks */,
				84A526C81F556835001D8EAE /* Resources */,
				C21F5EDE5E883CC84EBA5ECB /* [CP] Embed Pods Frameworks */,
				28C3D1CB8C7BB7EB5068F224 /* [CP] Copy Pods Resources */,
			);
			buildRules = (
			);
			dependencies = (
			);
			name = RACTest;
			productName = RACTest;
			productReference = 84A526CA1F556835001D8EAE /* RACTest.app */;
			productType = "com.apple.product-type.application";
		};
		84A526E21F556835001D8EAE /* RACTestUITests */ = {
			isa = PBXNativeTarget;
			buildConfigurationList = 84A526EF1F556835001D8EAE /* Build configuration list for PBXNativeTarget "RACTestUITests" */;
			buildPhases = (
				84A526DF1F556835001D8EAE /* Sources */,
				84A526E01F556835001D8EAE /* Frameworks */,
				84A526E11F556835001D8EAE /* Resources */,
			);
			buildRules = (
			);
			dependencies = (
				84A526E51F556835001D8EAE /* PBXTargetDependency */,
			);
			name = RACTestUITests;
			productName = RACTestUITests;
			productReference = 84A526E31F556835001D8EAE /* RACTestUITests.xctest */;
			productType = "com.apple.product-type.bundle.ui-testing";
		};
/* End PBXNativeTarget section */

/* Begin PBXProject section */
		84A526C21F556835001D8EAE /* Project object */ = {
			isa = PBXProject;
			attributes = {
				LastUpgradeCheck = 0820;
				ORGANIZATIONNAME = MYF;
				TargetAttributes = {
					84A526C91F556835001D8EAE = {
						CreatedOnToolsVersion = 8.2.1;
						ProvisioningStyle = Automatic;
					};
					84A526E21F556835001D8EAE = {
						CreatedOnToolsVersion = 8.2.1;
						ProvisioningStyle = Automatic;
						TestTargetID = 84A526C91F556835001D8EAE;
					};
				};
			};
			buildConfigurationList = 84A526C51F556835001D8EAE /* Build configuration list for PBXProject "RACTest" */;
			compatibilityVersion = "Xcode 3.2";
			developmentRegion = English;
			hasScannedForEncodings = 0;
			knownRegions = (
				en,
				Base,
			);
			mainGroup = 84A526C11F556835001D8EAE;
			productRefGroup = 84A526CB1F556835001D8EAE /* Products */;
			projectDirPath = "";
			projectRoot = "";
			targets = (
				84A526C91F556835001D8EAE /* RACTest */,
				84A526E21F556835001D8EAE /* RACTestUITests */,
			);
		};
/* End PBXProject section */

/* Begin PBXResourcesBuildPhase section */
		84A526C81F556835001D8EAE /* Resources */ = {
			isa = PBXResourcesBuildPhase;
			buildActionMask = 2147483647;
			files = (
				84A526DD1F556835001D8EAE /* LaunchScreen.storyboard in Resources */,
				84A526DA1F556835001D8EAE /* Assets.xcassets in Resources */,
				84A526D81F556835001D8EAE /* Main.storyboard in Resources */,
			);
			runOnlyForDeploymentPostprocessing = 0;
		};
		84A526E11F556835001D8EAE /* Resources */ = {
			isa = PBXResourcesBuildPhase;
			buildActionMask = 2147483647;
			files = (
			);
			runOnlyForDeploymentPostprocessing = 0;
		};
/* End PBXResourcesBuildPhase section */

/* Begin PBXShellScriptBuildPhase section */
		132DA609FEFD7CBA2E5F583D /* [CP] Check Pods Manifest.lock */ = {
			isa = PBXShellScriptBuildPhase;
			buildActionMask = 2147483647;
			files = (
			);
			inputPaths = (
				"${PODS_PODFILE_DIR_PATH}/Podfile.lock",
				"${PODS_ROOT}/Manifest.lock",
			);
			name = "[CP] Check Pods Manifest.lock";
			outputPaths = (
				"$(DERIVED_FILE_DIR)/Pods-RACTest-checkManifestLockResult.txt",
			);
			runOnlyForDeploymentPostprocessing = 0;
			shellPath = /bin/sh;
			shellScript = "diff \"${PODS_PODFILE_DIR_PATH}/Podfile.lock\" \"${PODS_ROOT}/Manifest.lock\" > /dev/null\nif [ $? != 0 ] ; then\n    # print error to STDERR\n    echo \"error: The sandbox is not in sync with the Podfile.lock. Run 'pod install' or update your CocoaPods installation.\" >&2\n    exit 1\nfi\n# This output is used by Xcode 'outputs' to avoid re-running this script phase.\necho \"SUCCESS\" > \"${SCRIPT_OUTPUT_FILE_0}\"\n";
			showEnvVarsInLog = 0;
		};
		28C3D1CB8C7BB7EB5068F224 /* [CP] Copy Pods Resources */ = {
			isa = PBXShellScriptBuildPhase;
			buildActionMask = 2147483647;
			files = (
			);
			inputPaths = (
			);
			name = "[CP] Copy Pods Resources";
			outputPaths = (
			);
			runOnlyForDeploymentPostprocessing = 0;
			shellPath = /bin/sh;
			shellScript = "\"${SRCROOT}/Pods/Target Support Files/Pods-RACTest/Pods-RACTest-resources.sh\"\n";
			showEnvVarsInLog = 0;
		};
		C21F5EDE5E883CC84EBA5ECB /* [CP] Embed Pods Frameworks */ = {
			isa = PBXShellScriptBuildPhase;
			buildActionMask = 2147483647;
			files = (
			);
			inputPaths = (
				"${SRCROOT}/Pods/Target Support Files/Pods-RACTest/Pods-RACTest-frameworks.sh",
				"${BUILT_PRODUCTS_DIR}/ReactiveCocoa/ReactiveCocoa.framework",
			);
			name = "[CP] Embed Pods Frameworks";
			outputPaths = (
				"${TARGET_BUILD_DIR}/${FRAMEWORKS_FOLDER_PATH}/ReactiveCocoa.framework",
			);
			runOnlyForDeploymentPostprocessing = 0;
			shellPath = /bin/sh;
			shellScript = "\"${SRCROOT}/Pods/Target Support Files/Pods-RACTest/Pods-RACTest-frameworks.sh\"\n";
			showEnvVarsInLog = 0;
		};
/* End PBXShellScriptBuildPhase section */

/* Begin PBXSourcesBuildPhase section */
		84A526C61F556835001D8EAE /* Sources */ = {
			isa = PBXSourcesBuildPhase;
			buildActionMask = 2147483647;
			files = (
				84A526F41F57F3EE001D8EAE /* LoginViewModel.m in Sources */,
				84A526D51F556835001D8EAE /* ViewController.m in Sources */,
				84A526D21F556835001D8EAE /* AppDelegate.m in Sources */,
				84A526CF1F556835001D8EAE /* main.m in Sources */,
			);
			runOnlyForDeploymentPostprocessing = 0;
		};
		84A526DF1F556835001D8EAE /* Sources */ = {
			isa = PBXSourcesBuildPhase;
			buildActionMask = 2147483647;
			files = (
				84A526E81F556835001D8EAE /* RACTestUITests.m in Sources */,
			);
			runOnlyForDeploymentPostprocessing = 0;
		};
/* End PBXSourcesBuildPhase section */

/* Begin PBXTargetDependency section */
		84A526E51F556835001D8EAE /* PBXTargetDependency */ = {
			isa = PBXTargetDependency;
			target = 84A526C91F556835001D8EAE /* RACTest */;
			targetProxy = 84A526E41F556835001D8EAE /* PBXContainerItemProxy */;
		};
/* End PBXTargetDependency section */

/* Begin PBXVariantGroup section */
		84A526D61F556835001D8EAE /* Main.storyboard */ = {
			isa = PBXVariantGroup;
			children = (
				84A526D71F556835001D8EAE /* Base */,
			);
			name = Main.storyboard;
			sourceTree = "<group>";
		};
		84A526DB1F556835001D8EAE /* LaunchScreen.storyboard */ = {
			isa = PBXVariantGroup;
			children = (
				84A526DC1F556835001D8EAE /* Base */,
			);
			name = LaunchScreen.storyboard;
			sourceTree = "<group>";
		};
/* End PBXVariantGroup section */

/* Begin XCBuildConfiguration section */
		84A526EA1F556835001D8EAE /* Debug */ = {
			isa = XCBuildConfiguration;
			buildSettings = {
				ALWAYS_SEARCH_USER_PATHS = NO;
				CLANG_ANALYZER_NONNULL = YES;
				CLANG_CXX_LANGUAGE_STANDARD = "gnu++0x";
				CLANG_CXX_LIBRARY = "libc++";
				CLANG_ENABLE_MODULES = YES;
				CLANG_ENABLE_OBJC_ARC = YES;
				CLANG_WARN_BOOL_CONVERSION = YES;
				CLANG_WARN_CONSTANT_CONVERSION = YES;
				CLANG_WARN_DIRECT_OBJC_ISA_USAGE = YES_ERROR;
				CLANG_WARN_DOCUMENTATION_COMMENTS = YES;
				CLANG_WARN_EMPTY_BODY = YES;
				CLANG_WARN_ENUM_CONVERSION = YES;
				CLANG_WARN_INFINITE_RECURSION = YES;
				CLANG_WARN_INT_CONVERSION = YES;
				CLANG_WARN_OBJC_ROOT_CLASS = YES_ERROR;
				CLANG_WARN_SUSPICIOUS_MOVE = YES;
				CLANG_WARN_UNREACHABLE_CODE = YES;
				CLANG_WARN__DUPLICATE_METHOD_MATCH = YES;
				"CODE_SIGN_IDENTITY[sdk=iphoneos*]" = "iPhone Developer";
				COPY_PHASE_STRIP = NO;
				DEBUG_INFORMATION_FORMAT = dwarf;
				ENABLE_STRICT_OBJC_MSGSEND = YES;
				ENABLE_TESTABILITY = YES;
				GCC_C_LANGUAGE_STANDARD = gnu99;
				GCC_DYNAMIC_NO_PIC = NO;
				GCC_NO_COMMON_BLOCKS = YES;
				GCC_OPTIMIZATION_LEVEL = 0;
				GCC_PREPROCESSOR_DEFINITIONS = (
					"DEBUG=1",
					"$(inherited)",
				);
				GCC_WARN_64_TO_32_BIT_CONVERSION = YES;
				GCC_WARN_ABOUT_RETURN_TYPE = YES_ERROR;
				GCC_WARN_UNDECLARED_SELECTOR = YES;
				GCC_WARN_UNINITIALIZED_AUTOS = YES_AGGRESSIVE;
				GCC_WARN_UNUSED_FUNCTION = YES;
				GCC_WARN_UNUSED_VARIABLE = YES;
				IPHONEOS_DEPLOYMENT_TARGET = 10.2;
				MTL_ENABLE_DEBUG_INFO = YES;
				ONLY_ACTIVE_ARCH = YES;
				SDKROOT = iphoneos;
			};
			name = Debug;
		};
		84A526EB1F556835001D8EAE /* Release */ = {
			isa = XCBuildConfiguration;
			buildSettings = {
				ALWAYS_SEARCH_USER_PATHS = NO;
				CLANG_ANALYZER_NONNULL = YES;
				CLANG_CXX_LANGUAGE_STANDARD = "gnu++0x";
				CLANG_CXX_LIBRARY = "libc++";
				CLANG_ENABLE_MODULES = YES;
				CLANG_ENABLE_OBJC_ARC = YES;
				CLANG_WARN_BOOL_CONVERSION = YES;
				CLANG_WARN_CONSTANT_CONVERSION = YES;
				CLANG_WARN_DIRECT_OBJC_ISA_USAGE = YES_ERROR;
				CLANG_WARN_DOCUMENTATION_COMMENTS = YES;
				CLANG_WARN_EMPTY_BODY = YES;
				CLANG_WARN_ENUM_CONVERSION = YES;
				CLANG_WARN_INFINITE_RECURSION = YES;
				CLANG_WARN_INT_CONVERSION = YES;
				CLANG_WARN_OBJC_ROOT_CLASS = YES_ERROR;
				CLANG_WARN_SUSPICIOUS_MOVE = YES;
				CLANG_WARN_UNREACHABLE_CODE = YES;
				CLANG_WARN__DUPLICATE_METHOD_MATCH = YES;
				"CODE_SIGN_IDENTITY[sdk=iphoneos*]" = "iPhone Developer";
				COPY_PHASE_STRIP = NO;
				DEBUG_INFORMATION_FORMAT = "dwarf-with-dsym";
				ENABLE_NS_ASSERTIONS = NO;
				ENABLE_STRICT_OBJC_MSGSEND = YES;
				GCC_C_LANGUAGE_STANDARD = gnu99;
				GCC_NO_COMMON_BLOCKS = YES;
				GCC_WARN_64_TO_32_BIT_CONVERSION = YES;
				GCC_WARN_ABOUT_RETURN_TYPE = YES_ERROR;
				GCC_WARN_UNDECLARED_SELECTOR = YES;
				GCC_WARN_UNINITIALIZED_AUTOS = YES_AGGRESSIVE;
				GCC_WARN_UNUSED_FUNCTION = YES;
				GCC_WARN_UNUSED_VARIABLE = YES;
				IPHONEOS_DEPLOYMENT_TARGET = 10.2;
				MTL_ENABLE_DEBUG_INFO = NO;
				SDKROOT = iphoneos;
				VALIDATE_PRODUCT = YES;
			};
			name = Release;
		};
		84A526ED1F556835001D8EAE /* Debug */ = {
			isa = XCBuildConfiguration;
			baseConfigurationReference = 45FC5FCBBF47BC26EFE44E07 /* Pods-RACTest.debug.xcconfig */;
			buildSettings = {
				ASSETCATALOG_COMPILER_APPICON_NAME = AppIcon;
				INFOPLIST_FILE = RACTest/Info.plist;
				LD_RUNPATH_SEARCH_PATHS = "$(inherited) @executable_path/Frameworks";
				PRODUCT_BUNDLE_IDENTIFIER = com.fengnian.RACTest;
				PRODUCT_NAME = "$(TARGET_NAME)";
				USER_HEADER_SEARCH_PATHS = "Users/admin/Xcode/** Demo/RACTest/Pods/**";
			};
			name = Debug;
		};
		84A526EE1F556835001D8EAE /* Release */ = {
			isa = XCBuildConfiguration;
			baseConfigurationReference = 0493FAEE46D8232B6593639C /* Pods-RACTest.release.xcconfig */;
			buildSettings = {
				ASSETCATALOG_COMPILER_APPICON_NAME = AppIcon;
				INFOPLIST_FILE = RACTest/Info.plist;
				LD_RUNPATH_SEARCH_PATHS = "$(inherited) @executable_path/Frameworks";
				PRODUCT_BUNDLE_IDENTIFIER = com.fengnian.RACTest;
				PRODUCT_NAME = "$(TARGET_NAME)";
				USER_HEADER_SEARCH_PATHS = "Users/admin/Xcode/** Demo/RACTest/Pods/**";
			};
			name = Release;
		};
		84A526F01F556835001D8EAE /* Debug */ = {
			isa = XCBuildConfiguration;
			buildSettings = {
				INFOPLIST_FILE = RACTestUITests/Info.plist;
				LD_RUNPATH_SEARCH_PATHS = "$(inherited) @executable_path/Frameworks @loader_path/Frameworks";
				PRODUCT_BUNDLE_IDENTIFIER = com.fengnian.RACTestUITests;
				PRODUCT_NAME = "$(TARGET_NAME)";
				TEST_TARGET_NAME = RACTest;
			};
			name = Debug;
		};
		84A526F11F556835001D8EAE /* Release */ = {
			isa = XCBuildConfiguration;
			buildSettings = {
				INFOPLIST_FILE = RACTestUITests/Info.plist;
				LD_RUNPATH_SEARCH_PATHS = "$(inherited) @executable_path/Frameworks @loader_path/Frameworks";
				PRODUCT_BUNDLE_IDENTIFIER = com.fengnian.RACTestUITests;
				PRODUCT_NAME = "$(TARGET_NAME)";
				TEST_TARGET_NAME = RACTest;
			};
			name = Release;
		};
/* End XCBuildConfiguration section */

/* Begin XCConfigurationList section */
		84A526C51F556835001D8EAE /* Build configuration list for PBXProject "RACTest" */ = {
			isa = XCConfigurationList;
			buildConfigurations = (
				84A526EA1F556835001D8EAE /* Debug */,
				84A526EB1F556835001D8EAE /* Release */,
			);
			defaultConfigurationIsVisible = 0;
			defaultConfigurationName = Release;
		};
		84A526EC1F556835001D8EAE /* Build configuration list for PBXNativeTarget "RACTest" */ = {
			isa = XCConfigurationList;
			buildConfigurations = (
				84A526ED1F556835001D8EAE /* Debug */,
				84A526EE1F556835001D8EAE /* Release */,
			);
			defaultConfigurationIsVisible = 0;
			defaultConfigurationName = Release;
		};
		84A526EF1F556835001D8EAE /* Build configuration list for PBXNativeTarget "RACTestUITests" */ = {
			isa = XCConfigurationList;
			buildConfigurations = (
				84A526F01F556835001D8EAE /* Debug */,
				84A526F11F556835001D8EAE /* Release */,
			);
			defaultConfigurationIsVisible = 0;
			defaultConfigurationName = Release;
		};
/* End XCConfigurationList section */
	};
	rootObject = 84A526C21F556835001D8EAE /* Project object */;
}
